// !$*UTF8*$!
{
	archiveVersion = 1;
	classes = {
	};
	objectVersion = 56;
	objects = {

/* Begin PBXBuildFile section */
		216E72B82B3400B80076F1C6 /* ChatBotAppApp.swift in Sources */ = {isa = PBXBuildFile; fileRef = 216E72B72B3400B80076F1C6 /* ChatBotAppApp.swift */; };
		216E72BA2B3400B80076F1C6 /* ContentView.swift in Sources */ = {isa = PBXBuildFile; fileRef = 216E72B92B3400B80076F1C6 /* ContentView.swift */; };
		216E72BC2B3400B90076F1C6 /* Assets.xcassets in Resources */ = {isa = PBXBuildFile; fileRef = 216E72BB2B3400B90076F1C6 /* Assets.xcassets */; };
		216E72BF2B3400B90076F1C6 /* Preview Assets.xcassets in Resources */ = {isa = PBXBuildFile; fileRef = 216E72BE2B3400B90076F1C6 /* Preview Assets.xcassets */; };
		216E72C62B3401600076F1C6 /* Keys.plist in Resources */ = {isa = PBXBuildFile; fileRef = 216E72C52B3401600076F1C6 /* Keys.plist */; };
		216E72C82B34029E0076F1C6 /* AppDelegate.swift in Sources */ = {isa = PBXBuildFile; fileRef = 216E72C72B34029E0076F1C6 /* AppDelegate.swift */; };
		216E72CA2B3403D20076F1C6 /* Constants.swift in Sources */ = {isa = PBXBuildFile; fileRef = 216E72C92B3403D20076F1C6 /* Constants.swift */; };
		216E72CE2B3404F90076F1C6 /* MessageView.swift in Sources */ = {isa = PBXBuildFile; fileRef = 216E72CD2B3404F90076F1C6 /* MessageView.swift */; };
		216E72D12B3405140076F1C6 /* Message.swift in Sources */ = {isa = PBXBuildFile; fileRef = 216E72D02B3405140076F1C6 /* Message.swift */; };
		216E72D42B3405730076F1C6 /* ContentViewModel.swift in Sources */ = {isa = PBXBuildFile; fileRef = 216E72D32B3405730076F1C6 /* ContentViewModel.swift */; };
		216E72D72B34063B0076F1C6 /* OpenAI in Frameworks */ = {isa = PBXBuildFile; productRef = 216E72D62B34063B0076F1C6 /* OpenAI */; };
/* End PBXBuildFile section */

/* Begin PBXFileReference section */
		216E72B42B3400B80076F1C6 /* ChatBotApp.app */ = {isa = PBXFileReference; explicitFileType = wrapper.application; includeInIndex = 0; path = ChatBotApp.app; sourceTree = BUILT_PRODUCTS_DIR; };
		216E72B72B3400B80076F1C6 /* ChatBotAppApp.swift */ = {isa = PBXFileReference; lastKnownFileType = sourcecode.swift; path = ChatBotAppApp.swift; sourceTree = "<group>"; };
		216E72B92B3400B80076F1C6 /* ContentView.swift */ = {isa = PBXFileReference; lastKnownFileType = sourcecode.swift; path = ContentView.swift; sourceTree = "<group>"; };
		216E72BB2B3400B90076F1C6 /* Assets.xcassets */ = {isa = PBXFileReference; lastKnownFileType = folder.assetcatalog; path = Assets.xcassets; sourceTree = "<group>"; };
		216E72BE2B3400B90076F1C6 /* Preview Assets.xcassets */ = {isa = PBXFileReference; lastKnownFileType = folder.assetcatalog; path = "Preview Assets.xcassets"; sourceTree = "<group>"; };
		216E72C52B3401600076F1C6 /* Keys.plist */ = {isa = PBXFileReference; lastKnownFileType = text.plist.xml; path = Keys.plist; sourceTree = "<group>"; };
		216E72C72B34029E0076F1C6 /* AppDelegate.swift */ = {isa = PBXFileReference; lastKnownFileType = sourcecode.swift; path = AppDelegate.swift; sourceTree = "<group>"; };
		216E72C92B3403D20076F1C6 /* Constants.swift */ = {isa = PBXFileReference; lastKnownFileType = sourcecode.swift; path = Constants.swift; sourceTree = "<group>"; };
		216E72CD2B3404F90076F1C6 /* MessageView.swift */ = {isa = PBXFileReference; lastKnownFileType = sourcecode.swift; path = MessageView.swift; sourceTree = "<group>"; };
		216E72D02B3405140076F1C6 /* Message.swift */ = {isa = PBXFileReference; lastKnownFileType = sourcecode.swift; path = Message.swift; sourceTree = "<group>"; };
		216E72D32B3405730076F1C6 /* ContentViewModel.swift */ = {isa = PBXFileReference; lastKnownFileType = sourcecode.swift; path = ContentViewModel.swift; sourceTree = "<group>"; };
/* End PBXFileReference section */

/* Begin PBXFrameworksBuildPhase section */
		216E72B12B3400B80076F1C6 /* Frameworks */ = {
			isa = PBXFrameworksBuildPhase;
			buildActionMask = 2147483647;
			files = (
				216E72D72B34063B0076F1C6 /* OpenAI in Frameworks */,
			);
			runOnlyForDeploymentPostprocessing = 0;
		};
/* End PBXFrameworksBuildPhase section */

/* Begin PBXGroup section */
		216E72AB2B3400B80076F1C6 = {
			isa = PBXGroup;
			children = (
				216E72B62B3400B80076F1C6 /* ChatBotApp */,
				216E72B52B3400B80076F1C6 /* Products */,
			);
			sourceTree = "<group>";
		};
		216E72B52B3400B80076F1C6 /* Products */ = {
			isa = PBXGroup;
			children = (
				216E72B42B3400B80076F1C6 /* ChatBotApp.app */,
			);
			name = Products;
			sourceTree = "<group>";
		};
		216E72B62B3400B80076F1C6 /* ChatBotApp */ = {
			isa = PBXGroup;
			children = (
				216E72D22B34055D0076F1C6 /* ViewModel */,
				216E72CF2B3405050076F1C6 /* Model */,
				216E72CC2B3404E50076F1C6 /* View */,
				216E72BB2B3400B90076F1C6 /* Assets.xcassets */,
				216E72BD2B3400B90076F1C6 /* Preview Content */,
				216E72C52B3401600076F1C6 /* Keys.plist */,
				216E72CB2B3404C60076F1C6 /* SupportingFiles */,
			);
			path = ChatBotApp;
			sourceTree = "<group>";
		};
		216E72BD2B3400B90076F1C6 /* Preview Content */ = {
			isa = PBXGroup;
			children = (
				216E72BE2B3400B90076F1C6 /* Preview Assets.xcassets */,
			);
			path = "Preview Content";
			sourceTree = "<group>";
		};
		216E72CB2B3404C60076F1C6 /* SupportingFiles */ = {
			isa = PBXGroup;
			children = (
				216E72B72B3400B80076F1C6 /* ChatBotAppApp.swift */,
				216E72C92B3403D20076F1C6 /* Constants.swift */,
				216E72C72B34029E0076F1C6 /* AppDelegate.swift */,
			);
			path = SupportingFiles;
			sourceTree = "<group>";
		};
		216E72CC2B3404E50076F1C6 /* View */ = {
			isa = PBXGroup;
			children = (
				216E72B92B3400B80076F1C6 /* ContentView.swift */,
				216E72CD2B3404F90076F1C6 /* MessageView.swift */,
			);
			path = View;
			sourceTree = "<group>";
		};
		216E72CF2B3405050076F1C6 /* Model */ = {
			isa = PBXGroup;
			children = (
				216E72D02B3405140076F1C6 /* Message.swift */,
			);
			path = Model;
			sourceTree = "<group>";
		};
		216E72D22B34055D0076F1C6 /* ViewModel */ = {
			isa = PBXGroup;
			children = (
				216E72D32B3405730076F1C6 /* ContentViewModel.swift */,
			);
			path = ViewModel;
			sourceTree = "<group>";
		};
/* End PBXGroup section */

/* Begin PBXNativeTarget section */
		216E72B32B3400B80076F1C6 /* ChatBotApp */ = {
			isa = PBXNativeTarget;
			buildConfigurationList = 216E72C22B3400B90076F1C6 /* Build configuration list for PBXNativeTarget "ChatBotApp" */;
			buildPhases = (
				216E72B02B3400B80076F1C6 /* Sources */,
				216E72B12B3400B80076F1C6 /* Frameworks */,
				216E72B22B3400B80076F1C6 /* Resources */,
			);
			buildRules = (
			);
			dependencies = (
			);
			name = ChatBotApp;
			packageProductDependencies = (
				216E72D62B34063B0076F1C6 /* OpenAI */,
			);
			productName = ChatBotApp;
			productReference = 216E72B42B3400B80076F1C6 /* ChatBotApp.app */;
			productType = "com.apple.product-type.application";
		};
/* End PBXNativeTarget section */

/* Begin PBXProject section */
		216E72AC2B3400B80076F1C6 /* Project object */ = {
			isa = PBXProject;
			attributes = {
				BuildIndependentTargetsInParallel = 1;
				LastSwiftUpdateCheck = 1500;
				LastUpgradeCheck = 1500;
				TargetAttributes = {
					216E72B32B3400B80076F1C6 = {
						CreatedOnToolsVersion = 15.0;
					};
				};
			};
			buildConfigurationList = 216E72AF2B3400B80076F1C6 /* Build configuration list for PBXProject "ChatBotApp" */;
			compatibilityVersion = "Xcode 14.0";
			developmentRegion = en;
			hasScannedForEncodings = 0;
			knownRegions = (
				en,
				Base,
			);
			mainGroup = 216E72AB2B3400B80076F1C6;
			packageReferences = (
				216E72D52B34063B0076F1C6 /* XCRemoteSwiftPackageReference "OpenAI" */,
			);
			productRefGroup = 216E72B52B3400B80076F1C6 /* Products */;
			projectDirPath = "";
			projectRoot = "";
			targets = (
				216E72B32B3400B80076F1C6 /* ChatBotApp */,
			);
		};
/* End PBXProject section */

/* Begin PBXResourcesBuildPhase section */
		216E72B22B3400B80076F1C6 /* Resources */ = {
			isa = PBXResourcesBuildPhase;
			buildActionMask = 2147483647;
			files = (
				216E72C62B3401600076F1C6 /* Keys.plist in Resources */,
				216E72BF2B3400B90076F1C6 /* Preview Assets.xcassets in Resources */,
				216E72BC2B3400B90076F1C6 /* Assets.xcassets in Resources */,
			);
			runOnlyForDeploymentPostprocessing = 0;
		};
/* End PBXResourcesBuildPhase section */

/* Begin PBXSourcesBuildPhase section */
		216E72B02B3400B80076F1C6 /* Sources */ = {
			isa = PBXSourcesBuildPhase;
			buildActionMask = 2147483647;
			files = (
				216E72C82B34029E0076F1C6 /* AppDelegate.swift in Sources */,
				216E72BA2B3400B80076F1C6 /* ContentView.swift in Sources */,
				216E72B82B3400B80076F1C6 /* ChatBotAppApp.swift in Sources */,
				216E72D42B3405730076F1C6 /* ContentViewModel.swift in Sources */,
				216E72D12B3405140076F1C6 /* Message.swift in Sources */,
				216E72CA2B3403D20076F1C6 /* Constants.swift in Sources */,
				216E72CE2B3404F90076F1C6 /* MessageView.swift in Sources */,
			);
			runOnlyForDeploymentPostprocessing = 0;
		};
/* End PBXSourcesBuildPhase section */

/* Begin XCBuildConfiguration section */
		216E72C02B3400B90076F1C6 /* Debug */ = {
			isa = XCBuildConfiguration;
			buildSettings = {
				ALWAYS_SEARCH_USER_PATHS = NO;
				ASSETCATALOG_COMPILER_GENERATE_SWIFT_ASSET_SYMBOL_EXTENSIONS = YES;
				CLANG_ANALYZER_NONNULL = YES;
				CLANG_ANALYZER_NUMBER_OBJECT_CONVERSION = YES_AGGRESSIVE;
				CLANG_CXX_LANGUAGE_STANDARD = "gnu++20";
				CLANG_ENABLE_MODULES = YES;
				CLANG_ENABLE_OBJC_ARC = YES;
				CLANG_ENABLE_OBJC_WEAK = YES;
				CLANG_WARN_BLOCK_CAPTURE_AUTORELEASING = YES;
				CLANG_WARN_BOOL_CONVERSION = YES;
				CLANG_WARN_COMMA = YES;
				CLANG_WARN_CONSTANT_CONVERSION = YES;
				CLANG_WARN_DEPRECATED_OBJC_IMPLEMENTATIONS = YES;
				CLANG_WARN_DIRECT_OBJC_ISA_USAGE = YES_ERROR;
				CLANG_WARN_DOCUMENTATION_COMMENTS = YES;
				CLANG_WARN_EMPTY_BODY = YES;
				CLANG_WARN_ENUM_CONVERSION = YES;
				CLANG_WARN_INFINITE_RECURSION = YES;
				CLANG_WARN_INT_CONVERSION = YES;
				CLANG_WARN_NON_LITERAL_NULL_CONVERSION = YES;
				CLANG_WARN_OBJC_IMPLICIT_RETAIN_SELF = YES;
				CLANG_WARN_OBJC_LITERAL_CONVERSION = YES;
				CLANG_WARN_OBJC_ROOT_CLASS = YES_ERROR;
				CLANG_WARN_QUOTED_INCLUDE_IN_FRAMEWORK_HEADER = YES;
				CLANG_WARN_RANGE_LOOP_ANALYSIS = YES;
				CLANG_WARN_STRICT_PROTOTYPES = YES;
				CLANG_WARN_SUSPICIOUS_MOVE = YES;
				CLANG_WARN_UNGUARDED_AVAILABILITY = YES_AGGRESSIVE;
				CLANG_WARN_UNREACHABLE_CODE = YES;
				CLANG_WARN__DUPLICATE_METHOD_MATCH = YES;
				COPY_PHASE_STRIP = NO;
				DEBUG_INFORMATION_FORMAT = dwarf;
				ENABLE_STRICT_OBJC_MSGSEND = YES;
				ENABLE_TESTABILITY = YES;
				ENABLE_USER_SCRIPT_SANDBOXING = YES;
				GCC_C_LANGUAGE_STANDARD = gnu17;
				GCC_DYNAMIC_NO_PIC = NO;
				GCC_NO_COMMON_BLOCKS = YES;
				GCC_OPTIMIZATION_LEVEL = 0;
				GCC_PREPROCESSOR_DEFINITIONS = (
					"DEBUG=1",
					"$(inherited)",
				);
				GCC_WARN_64_TO_32_BIT_CONVERSION = YES;
				GCC_WARN_ABOUT_RETURN_TYPE = YES_ERROR;
				GCC_WARN_UNDECLARED_SELECTOR = YES;
				GCC_WARN_UNINITIALIZED_AUTOS = YES_AGGRESSIVE;
				GCC_WARN_UNUSED_FUNCTION = YES;
				GCC_WARN_UNUSED_VARIABLE = YES;
				IPHONEOS_DEPLOYMENT_TARGET = 17.0;
				LOCALIZATION_PREFERS_STRING_CATALOGS = YES;
				MTL_ENABLE_DEBUG_INFO = INCLUDE_SOURCE;
				MTL_FAST_MATH = YES;
				ONLY_ACTIVE_ARCH = YES;
				SDKROOT = iphoneos;
				SWIFT_ACTIVE_COMPILATION_CONDITIONS = "DEBUG $(inherited)";
				SWIFT_OPTIMIZATION_LEVEL = "-Onone";
			};
			name = Debug;
		};
		216E72C12B3400B90076F1C6 /* Release */ = {
			isa = XCBuildConfiguration;
			buildSettings = {
				ALWAYS_SEARCH_USER_PATHS = NO;
				ASSETCATALOG_COMPILER_GENERATE_SWIFT_ASSET_SYMBOL_EXTENSIONS = YES;
				CLANG_ANALYZER_NONNULL = YES;
				CLANG_ANALYZER_NUMBER_OBJECT_CONVERSION = YES_AGGRESSIVE;
				CLANG_CXX_LANGUAGE_STANDARD = "gnu++20";
				CLANG_ENABLE_MODULES = YES;
				CLANG_ENABLE_OBJC_ARC = YES;
				CLANG_ENABLE_OBJC_WEAK = YES;
				CLANG_WARN_BLOCK_CAPTURE_AUTORELEASING = YES;
				CLANG_WARN_BOOL_CONVERSION = YES;
				CLANG_WARN_COMMA = YES;
				CLANG_WARN_CONSTANT_CONVERSION = YES;
				CLANG_WARN_DEPRECATED_OBJC_IMPLEMENTATIONS = YES;
				CLANG_WARN_DIRECT_OBJC_ISA_USAGE = YES_ERROR;
				CLANG_WARN_DOCUMENTATION_COMMENTS = YES;
				CLANG_WARN_EMPTY_BODY = YES;
				CLANG_WARN_ENUM_CONVERSION = YES;
				CLANG_WARN_INFINITE_RECURSION = YES;
				CLANG_WARN_INT_CONVERSION = YES;
				CLANG_WARN_NON_LITERAL_NULL_CONVERSION = YES;
				CLANG_WARN_OBJC_IMPLICIT_RETAIN_SELF = YES;
				CLANG_WARN_OBJC_LITERAL_CONVERSION = YES;
				CLANG_WARN_OBJC_ROOT_CLASS = YES_ERROR;
				CLANG_WARN_QUOTED_INCLUDE_IN_FRAMEWORK_HEADER = YES;
				CLANG_WARN_RANGE_LOOP_ANALYSIS = YES;
				CLANG_WARN_STRICT_PROTOTYPES = YES;
				CLANG_WARN_SUSPICIOUS_MOVE = YES;
				CLANG_WARN_UNGUARDED_AVAILABILITY = YES_AGGRESSIVE;
				CLANG_WARN_UNREACHABLE_CODE = YES;
				CLANG_WARN__DUPLICATE_METHOD_MATCH = YES;
				COPY_PHASE_STRIP = NO;
				DEBUG_INFORMATION_FORMAT = "dwarf-with-dsym";
				ENABLE_NS_ASSERTIONS = NO;
				ENABLE_STRICT_OBJC_MSGSEND = YES;
				ENABLE_USER_SCRIPT_SANDBOXING = YES;
				GCC_C_LANGUAGE_STANDARD = gnu17;
				GCC_NO_COMMON_BLOCKS = YES;
				GCC_WARN_64_TO_32_BIT_CONVERSION = YES;
				GCC_WARN_ABOUT_RETURN_TYPE = YES_ERROR;
				GCC_WARN_UNDECLARED_SELECTOR = YES;
				GCC_WARN_UNINITIALIZED_AUTOS = YES_AGGRESSIVE;
				GCC_WARN_UNUSED_FUNCTION = YES;
				GCC_WARN_UNUSED_VARIABLE = YES;
				IPHONEOS_DEPLOYMENT_TARGET = 17.0;
				LOCALIZATION_PREFERS_STRING_CATALOGS = YES;
				MTL_ENABLE_DEBUG_INFO = NO;
				MTL_FAST_MATH = YES;
				SDKROOT = iphoneos;
				SWIFT_COMPILATION_MODE = wholemodule;
				VALIDATE_PRODUCT = YES;
			};
			name = Release;
		};
		216E72C32B3400B90076F1C6 /* Debug */ = {
			isa = XCBuildConfiguration;
			buildSettings = {
				ASSETCATALOG_COMPILER_APPICON_NAME = AppIcon;
				ASSETCATALOG_COMPILER_GLOBAL_ACCENT_COLOR_NAME = AccentColor;
				CODE_SIGN_STYLE = Automatic;
				CURRENT_PROJECT_VERSION = 1;
				DEVELOPMENT_ASSET_PATHS = "\"ChatBotApp/Preview Content\"";
				DEVELOPMENT_TEAM = 4524FJSV52;
				ENABLE_PREVIEWS = YES;
				GENERATE_INFOPLIST_FILE = YES;
				INFOPLIST_KEY_UIApplicationSceneManifest_Generation = YES;
				INFOPLIST_KEY_UIApplicationSupportsIndirectInputEvents = YES;
				INFOPLIST_KEY_UILaunchScreen_Generation = YES;
				INFOPLIST_KEY_UISupportedInterfaceOrientations_iPad = "UIInterfaceOrientationPortrait UIInterfaceOrientationPortraitUpsideDown UIInterfaceOrientationLandscapeLeft UIInterfaceOrientationLandscapeRight";
				INFOPLIST_KEY_UISupportedInterfaceOrientations_iPhone = "UIInterfaceOrientationPortrait UIInterfaceOrientationLandscapeLeft UIInterfaceOrientationLandscapeRight";
				IPHONEOS_DEPLOYMENT_TARGET = 16.0;
				LD_RUNPATH_SEARCH_PATHS = (
					"$(inherited)",
					"@executable_path/Frameworks",
				);
				MARKETING_VERSION = 1.0;
				PRODUCT_BUNDLE_IDENTIFIER = ru.pashkov.ChatBotApp;
				PRODUCT_NAME = "$(TARGET_NAME)";
				SUPPORTED_PLATFORMS = "iphoneos iphonesimulator";
				SUPPORTS_MACCATALYST = NO;
				SWIFT_EMIT_LOC_STRINGS = YES;
				SWIFT_VERSION = 5.0;
				TARGETED_DEVICE_FAMILY = 1;
			};
			name = Debug;
		};
		216E72C42B3400B90076F1C6 /* Release */ = {
			isa = XCBuildConfiguration;
			buildSettings = {
				ASSETCATALOG_COMPILER_APPICON_NAME = AppIcon;
				ASSETCATALOG_COMPILER_GLOBAL_ACCENT_COLOR_NAME = AccentColor;
				CODE_SIGN_STYLE = Automatic;
				CURRENT_PROJECT_VERSION = 1;
				DEVELOPMENT_ASSET_PATHS = "\"ChatBotApp/Preview Content\"";
				DEVELOPMENT_TEAM = 4524FJSV52;
				ENABLE_PREVIEWS = YES;
				GENERATE_INFOPLIST_FILE = YES;
				INFOPLIST_KEY_UIApplicationSceneManifest_Generation = YES;
				INFOPLIST_KEY_UIApplicationSupportsIndirectInputEvents = YES;
				INFOPLIST_KEY_UILaunchScreen_Generation = YES;
				INFOPLIST_KEY_UISupportedInterfaceOrientations_iPad = "UIInterfaceOrientationPortrait UIInterfaceOrientationPortraitUpsideDown UIInterfaceOrientationLandscapeLeft UIInterfaceOrientationLandscapeRight";
				INFOPLIST_KEY_UISupportedInterfaceOrientations_iPhone = "UIInterfaceOrientationPortrait UIInterfaceOrientationLandscapeLeft UIInterfaceOrientationLandscapeRight";
				IPHONEOS_DEPLOYMENT_TARGET = 16.0;
				LD_RUNPATH_SEARCH_PATHS = (
					"$(inherited)",
					"@executable_path/Frameworks",
				);
				MARKETING_VERSION = 1.0;
				PRODUCT_BUNDLE_IDENTIFIER = ru.pashkov.ChatBotApp;
				PRODUCT_NAME = "$(TARGET_NAME)";
				SUPPORTED_PLATFORMS = "iphoneos iphonesimulator";
				SUPPORTS_MACCATALYST = NO;
				SWIFT_EMIT_LOC_STRINGS = YES;
				SWIFT_VERSION = 5.0;
				TARGETED_DEVICE_FAMILY = 1;
			};
			name = Release;
		};
/* End XCBuildConfiguration section */

/* Begin XCConfigurationList section */
		216E72AF2B3400B80076F1C6 /* Build configuration list for PBXProject "ChatBotApp" */ = {
			isa = XCConfigurationList;
			buildConfigurations = (
				216E72C02B3400B90076F1C6 /* Debug */,
				216E72C12B3400B90076F1C6 /* Release */,
			);
			defaultConfigurationIsVisible = 0;
			defaultConfigurationName = Release;
		};
		216E72C22B3400B90076F1C6 /* Build configuration list for PBXNativeTarget "ChatBotApp" */ = {
			isa = XCConfigurationList;
			buildConfigurations = (
				216E72C32B3400B90076F1C6 /* Debug */,
				216E72C42B3400B90076F1C6 /* Release */,
			);
			defaultConfigurationIsVisible = 0;
			defaultConfigurationName = Release;
		};
/* End XCConfigurationList section */

/* Begin XCRemoteSwiftPackageReference section */
		216E72D52B34063B0076F1C6 /* XCRemoteSwiftPackageReference "OpenAI" */ = {
			isa = XCRemoteSwiftPackageReference;
			repositoryURL = "https://github.com/MacPaw/OpenAI.git";
			requirement = {
				kind = upToNextMajorVersion;
				minimumVersion = 0.2.5;
			};
		};
/* End XCRemoteSwiftPackageReference section */

/* Begin XCSwiftPackageProductDependency section */
		216E72D62B34063B0076F1C6 /* OpenAI */ = {
			isa = XCSwiftPackageProductDependency;
			package = 216E72D52B34063B0076F1C6 /* XCRemoteSwiftPackageReference "OpenAI" */;
			productName = OpenAI;
		};
/* End XCSwiftPackageProductDependency section */
	};
	rootObject = 216E72AC2B3400B80076F1C6 /* Project object */;
}
